// !$*UTF8*$!
{
	archiveVersion = 1;
	classes = {
	};
	objectVersion = 55;
	objects = {

/* Begin PBXBuildFile section */
		F11BA77B27AFAA270031C17A /* AppDelegate.swift in Sources */ = {isa = PBXBuildFile; fileRef = F11BA77A27AFAA270031C17A /* AppDelegate.swift */; };
		F11BA77D27AFAA270031C17A /* SceneDelegate.swift in Sources */ = {isa = PBXBuildFile; fileRef = F11BA77C27AFAA270031C17A /* SceneDelegate.swift */; };
		F11BA77F27AFAA270031C17A /* HomeWeatherScene.swift in Sources */ = {isa = PBXBuildFile; fileRef = F11BA77E27AFAA270031C17A /* HomeWeatherScene.swift */; };
		F11BA78227AFAA270031C17A /* Main.storyboard in Resources */ = {isa = PBXBuildFile; fileRef = F11BA78027AFAA270031C17A /* Main.storyboard */; };
		F11BA78427AFAA290031C17A /* Assets.xcassets in Resources */ = {isa = PBXBuildFile; fileRef = F11BA78327AFAA290031C17A /* Assets.xcassets */; };
		F11BA78727AFAA290031C17A /* LaunchScreen.storyboard in Resources */ = {isa = PBXBuildFile; fileRef = F11BA78527AFAA290031C17A /* LaunchScreen.storyboard */; };
		F11BA79227AFAA290031C17A /* NetworkManagerTests.swift in Sources */ = {isa = PBXBuildFile; fileRef = F11BA79127AFAA290031C17A /* NetworkManagerTests.swift */; };
		F11BA7B027AFCE140031C17A /* Endpoints.swift in Sources */ = {isa = PBXBuildFile; fileRef = F11BA7AF27AFCE140031C17A /* Endpoints.swift */; };
		F11BA7B227AFCE540031C17A /* URLS.swift in Sources */ = {isa = PBXBuildFile; fileRef = F11BA7B127AFCE540031C17A /* URLS.swift */; };
		F11BA7B427AFCFF50031C17A /* URLManager.swift in Sources */ = {isa = PBXBuildFile; fileRef = F11BA7B327AFCFF50031C17A /* URLManager.swift */; };
		F11BA7B627AFD1C30031C17A /* NetworkManager.swift in Sources */ = {isa = PBXBuildFile; fileRef = F11BA7B527AFD1C30031C17A /* NetworkManager.swift */; };
		F11BA7B827AFD4A90031C17A /* WeatherResponse.swift in Sources */ = {isa = PBXBuildFile; fileRef = F11BA7B727AFD4A90031C17A /* WeatherResponse.swift */; };
		F11BA7BC27AFD8CE0031C17A /* ViewModelFactory.swift in Sources */ = {isa = PBXBuildFile; fileRef = F11BA7BB27AFD8CE0031C17A /* ViewModelFactory.swift */; };
		F11BA7BE27AFD8F30031C17A /* WeatherRepository.swift in Sources */ = {isa = PBXBuildFile; fileRef = F11BA7BD27AFD8F30031C17A /* WeatherRepository.swift */; };
		F11BA7C127AFDD510031C17A /* ErrorHandler.swift in Sources */ = {isa = PBXBuildFile; fileRef = F11BA7C027AFDD510031C17A /* ErrorHandler.swift */; };
		F11BA7C327AFEB260031C17A /* HomeWeatherViewModel.swift in Sources */ = {isa = PBXBuildFile; fileRef = F11BA7C227AFEB260031C17A /* HomeWeatherViewModel.swift */; };
		F11BA7C827AFED070031C17A /* UILabelExtension.swift in Sources */ = {isa = PBXBuildFile; fileRef = F11BA7C727AFED070031C17A /* UILabelExtension.swift */; };
		F11BA7CA27AFEFE40031C17A /* UIImageViewExtension.swift in Sources */ = {isa = PBXBuildFile; fileRef = F11BA7C927AFEFE40031C17A /* UIImageViewExtension.swift */; };
		F11BA7CC27AFF1EE0031C17A /* HomeWeatherImageView.swift in Sources */ = {isa = PBXBuildFile; fileRef = F11BA7CB27AFF1EE0031C17A /* HomeWeatherImageView.swift */; };
		F11BA7CF27AFF5B00031C17A /* TempType.swift in Sources */ = {isa = PBXBuildFile; fileRef = F11BA7CE27AFF5B00031C17A /* TempType.swift */; };
		F11BA7D127AFFA4F0031C17A /* UIColorExtension.swift in Sources */ = {isa = PBXBuildFile; fileRef = F11BA7D027AFFA4F0031C17A /* UIColorExtension.swift */; };
		F11BA7D327AFFD600031C17A /* Localized.strings in Resources */ = {isa = PBXBuildFile; fileRef = F11BA7D227AFFD600031C17A /* Localized.strings */; };
		F11BA7D527AFFDA60031C17A /* UIStringExtension.swift in Sources */ = {isa = PBXBuildFile; fileRef = F11BA7D427AFFDA60031C17A /* UIStringExtension.swift */; };
		F11BA7D727AFFF230031C17A /* UICollectionViewExtension.swift in Sources */ = {isa = PBXBuildFile; fileRef = F11BA7D627AFFF230031C17A /* UICollectionViewExtension.swift */; };
		F11BA7D927B000A30031C17A /* HomeWeatherCollectionViewCell.swift in Sources */ = {isa = PBXBuildFile; fileRef = F11BA7D827B000A30031C17A /* HomeWeatherCollectionViewCell.swift */; };
		F11BA7DB27B006440031C17A /* HomeWeatherTableViewCell.swift in Sources */ = {isa = PBXBuildFile; fileRef = F11BA7DA27B006440031C17A /* HomeWeatherTableViewCell.swift */; };
		F11BA7DD27B00A0F0031C17A /* UIViewExtension.swift in Sources */ = {isa = PBXBuildFile; fileRef = F11BA7DC27B00A0F0031C17A /* UIViewExtension.swift */; };
		F11BA7DF27B00BE30031C17A /* UITableViewExtension.swift in Sources */ = {isa = PBXBuildFile; fileRef = F11BA7DE27B00BE30031C17A /* UITableViewExtension.swift */; };
		F11BA7E127B00CD50031C17A /* RepositoryFactory.swift in Sources */ = {isa = PBXBuildFile; fileRef = F11BA7E027B00CD50031C17A /* RepositoryFactory.swift */; };
		F11BA7E327B01E920031C17A /* UIScrollViewExtension.swift in Sources */ = {isa = PBXBuildFile; fileRef = F11BA7E227B01E920031C17A /* UIScrollViewExtension.swift */; };
		F11BA7E527B0202E0031C17A /* ContentSizeTableView.swift in Sources */ = {isa = PBXBuildFile; fileRef = F11BA7E427B0202E0031C17A /* ContentSizeTableView.swift */; };
/* End PBXBuildFile section */

/* Begin PBXContainerItemProxy section */
		F11BA78E27AFAA290031C17A /* PBXContainerItemProxy */ = {
			isa = PBXContainerItemProxy;
			containerPortal = F11BA76F27AFAA270031C17A /* Project object */;
			proxyType = 1;
			remoteGlobalIDString = F11BA77627AFAA270031C17A;
			remoteInfo = MyWeather;
		};
		F11BA79827AFAA290031C17A /* PBXContainerItemProxy */ = {
			isa = PBXContainerItemProxy;
			containerPortal = F11BA76F27AFAA270031C17A /* Project object */;
			proxyType = 1;
			remoteGlobalIDString = F11BA77627AFAA270031C17A;
			remoteInfo = MyWeather;
		};
/* End PBXContainerItemProxy section */

/* Begin PBXFileReference section */
		F11BA77727AFAA270031C17A /* MyWeather.app */ = {isa = PBXFileReference; explicitFileType = wrapper.application; includeInIndex = 0; path = MyWeather.app; sourceTree = BUILT_PRODUCTS_DIR; };
		F11BA77A27AFAA270031C17A /* AppDelegate.swift */ = {isa = PBXFileReference; lastKnownFileType = sourcecode.swift; path = AppDelegate.swift; sourceTree = "<group>"; };
		F11BA77C27AFAA270031C17A /* SceneDelegate.swift */ = {isa = PBXFileReference; lastKnownFileType = sourcecode.swift; path = SceneDelegate.swift; sourceTree = "<group>"; };
		F11BA77E27AFAA270031C17A /* HomeWeatherScene.swift */ = {isa = PBXFileReference; lastKnownFileType = sourcecode.swift; path = HomeWeatherScene.swift; sourceTree = "<group>"; };
		F11BA78127AFAA270031C17A /* Base */ = {isa = PBXFileReference; lastKnownFileType = file.storyboard; name = Base; path = Base.lproj/Main.storyboard; sourceTree = "<group>"; };
		F11BA78327AFAA290031C17A /* Assets.xcassets */ = {isa = PBXFileReference; lastKnownFileType = folder.assetcatalog; path = Assets.xcassets; sourceTree = "<group>"; };
		F11BA78627AFAA290031C17A /* Base */ = {isa = PBXFileReference; lastKnownFileType = file.storyboard; name = Base; path = Base.lproj/LaunchScreen.storyboard; sourceTree = "<group>"; };
		F11BA78827AFAA290031C17A /* Info.plist */ = {isa = PBXFileReference; lastKnownFileType = text.plist.xml; path = Info.plist; sourceTree = "<group>"; };
		F11BA78D27AFAA290031C17A /* MyWeatherTests.xctest */ = {isa = PBXFileReference; explicitFileType = wrapper.cfbundle; includeInIndex = 0; path = MyWeatherTests.xctest; sourceTree = BUILT_PRODUCTS_DIR; };
		F11BA79127AFAA290031C17A /* NetworkManagerTests.swift */ = {isa = PBXFileReference; lastKnownFileType = sourcecode.swift; path = NetworkManagerTests.swift; sourceTree = "<group>"; };
		F11BA79727AFAA290031C17A /* MyWeatherUITests.xctest */ = {isa = PBXFileReference; explicitFileType = wrapper.cfbundle; includeInIndex = 0; path = MyWeatherUITests.xctest; sourceTree = BUILT_PRODUCTS_DIR; };
		F11BA7AF27AFCE140031C17A /* Endpoints.swift */ = {isa = PBXFileReference; lastKnownFileType = sourcecode.swift; path = Endpoints.swift; sourceTree = "<group>"; };
		F11BA7B127AFCE540031C17A /* URLS.swift */ = {isa = PBXFileReference; lastKnownFileType = sourcecode.swift; path = URLS.swift; sourceTree = "<group>"; };
		F11BA7B327AFCFF50031C17A /* URLManager.swift */ = {isa = PBXFileReference; lastKnownFileType = sourcecode.swift; path = URLManager.swift; sourceTree = "<group>"; };
		F11BA7B527AFD1C30031C17A /* NetworkManager.swift */ = {isa = PBXFileReference; lastKnownFileType = sourcecode.swift; path = NetworkManager.swift; sourceTree = "<group>"; };
		F11BA7B727AFD4A90031C17A /* WeatherResponse.swift */ = {isa = PBXFileReference; lastKnownFileType = sourcecode.swift; path = WeatherResponse.swift; sourceTree = "<group>"; };
		F11BA7BB27AFD8CE0031C17A /* ViewModelFactory.swift */ = {isa = PBXFileReference; lastKnownFileType = sourcecode.swift; path = ViewModelFactory.swift; sourceTree = "<group>"; };
		F11BA7BD27AFD8F30031C17A /* WeatherRepository.swift */ = {isa = PBXFileReference; lastKnownFileType = sourcecode.swift; path = WeatherRepository.swift; sourceTree = "<group>"; };
		F11BA7C027AFDD510031C17A /* ErrorHandler.swift */ = {isa = PBXFileReference; lastKnownFileType = sourcecode.swift; path = ErrorHandler.swift; sourceTree = "<group>"; };
		F11BA7C227AFEB260031C17A /* HomeWeatherViewModel.swift */ = {isa = PBXFileReference; lastKnownFileType = sourcecode.swift; path = HomeWeatherViewModel.swift; sourceTree = "<group>"; };
		F11BA7C727AFED070031C17A /* UILabelExtension.swift */ = {isa = PBXFileReference; lastKnownFileType = sourcecode.swift; path = UILabelExtension.swift; sourceTree = "<group>"; };
		F11BA7C927AFEFE40031C17A /* UIImageViewExtension.swift */ = {isa = PBXFileReference; lastKnownFileType = sourcecode.swift; path = UIImageViewExtension.swift; sourceTree = "<group>"; };
		F11BA7CB27AFF1EE0031C17A /* HomeWeatherImageView.swift */ = {isa = PBXFileReference; lastKnownFileType = sourcecode.swift; path = HomeWeatherImageView.swift; sourceTree = "<group>"; };
		F11BA7CE27AFF5B00031C17A /* TempType.swift */ = {isa = PBXFileReference; lastKnownFileType = sourcecode.swift; path = TempType.swift; sourceTree = "<group>"; };
		F11BA7D027AFFA4F0031C17A /* UIColorExtension.swift */ = {isa = PBXFileReference; lastKnownFileType = sourcecode.swift; path = UIColorExtension.swift; sourceTree = "<group>"; };
		F11BA7D227AFFD600031C17A /* Localized.strings */ = {isa = PBXFileReference; lastKnownFileType = text.plist.strings; path = Localized.strings; sourceTree = "<group>"; };
		F11BA7D427AFFDA60031C17A /* UIStringExtension.swift */ = {isa = PBXFileReference; lastKnownFileType = sourcecode.swift; path = UIStringExtension.swift; sourceTree = "<group>"; };
		F11BA7D627AFFF230031C17A /* UICollectionViewExtension.swift */ = {isa = PBXFileReference; lastKnownFileType = sourcecode.swift; path = UICollectionViewExtension.swift; sourceTree = "<group>"; };
		F11BA7D827B000A30031C17A /* HomeWeatherCollectionViewCell.swift */ = {isa = PBXFileReference; lastKnownFileType = sourcecode.swift; path = HomeWeatherCollectionViewCell.swift; sourceTree = "<group>"; };
		F11BA7DA27B006440031C17A /* HomeWeatherTableViewCell.swift */ = {isa = PBXFileReference; lastKnownFileType = sourcecode.swift; path = HomeWeatherTableViewCell.swift; sourceTree = "<group>"; };
		F11BA7DC27B00A0F0031C17A /* UIViewExtension.swift */ = {isa = PBXFileReference; lastKnownFileType = sourcecode.swift; path = UIViewExtension.swift; sourceTree = "<group>"; };
		F11BA7DE27B00BE30031C17A /* UITableViewExtension.swift */ = {isa = PBXFileReference; lastKnownFileType = sourcecode.swift; path = UITableViewExtension.swift; sourceTree = "<group>"; };
		F11BA7E027B00CD50031C17A /* RepositoryFactory.swift */ = {isa = PBXFileReference; lastKnownFileType = sourcecode.swift; path = RepositoryFactory.swift; sourceTree = "<group>"; };
		F11BA7E227B01E920031C17A /* UIScrollViewExtension.swift */ = {isa = PBXFileReference; lastKnownFileType = sourcecode.swift; path = UIScrollViewExtension.swift; sourceTree = "<group>"; };
		F11BA7E427B0202E0031C17A /* ContentSizeTableView.swift */ = {isa = PBXFileReference; lastKnownFileType = sourcecode.swift; path = ContentSizeTableView.swift; sourceTree = "<group>"; };
/* End PBXFileReference section */

/* Begin PBXFrameworksBuildPhase section */
		F11BA77427AFAA270031C17A /* Frameworks */ = {
			isa = PBXFrameworksBuildPhase;
			buildActionMask = 2147483647;
			files = (
			);
			runOnlyForDeploymentPostprocessing = 0;
		};
		F11BA78A27AFAA290031C17A /* Frameworks */ = {
			isa = PBXFrameworksBuildPhase;
			buildActionMask = 2147483647;
			files = (
			);
			runOnlyForDeploymentPostprocessing = 0;
		};
		F11BA79427AFAA290031C17A /* Frameworks */ = {
			isa = PBXFrameworksBuildPhase;
			buildActionMask = 2147483647;
			files = (
			);
			runOnlyForDeploymentPostprocessing = 0;
		};
/* End PBXFrameworksBuildPhase section */

/* Begin PBXGroup section */
		F11BA76E27AFAA270031C17A = {
			isa = PBXGroup;
			children = (
				F11BA77927AFAA270031C17A /* MyWeather */,
				F11BA79027AFAA290031C17A /* MyWeatherTests */,
				F11BA77827AFAA270031C17A /* Products */,
			);
			sourceTree = "<group>";
		};
		F11BA77827AFAA270031C17A /* Products */ = {
			isa = PBXGroup;
			children = (
				F11BA77727AFAA270031C17A /* MyWeather.app */,
				F11BA78D27AFAA290031C17A /* MyWeatherTests.xctest */,
				F11BA79727AFAA290031C17A /* MyWeatherUITests.xctest */,
			);
			name = Products;
			sourceTree = "<group>";
		};
		F11BA77927AFAA270031C17A /* MyWeather */ = {
			isa = PBXGroup;
			children = (
				F11BA78827AFAA290031C17A /* Info.plist */,
				F11BA7AC27AFBDE20031C17A /* Resources */,
				F11BA7AB27AFBDCF0031C17A /* Networking */,
				F11BA7AA27AFBDC50031C17A /* App */,
			);
			path = MyWeather;
			sourceTree = "<group>";
		};
		F11BA79027AFAA290031C17A /* MyWeatherTests */ = {
			isa = PBXGroup;
			children = (
				F11BA79127AFAA290031C17A /* NetworkManagerTests.swift */,
			);
			path = MyWeatherTests;
			sourceTree = "<group>";
		};
		F11BA7AA27AFBDC50031C17A /* App */ = {
			isa = PBXGroup;
			children = (
				F11BA7C627AFECDB0031C17A /* Extensions */,
				F11BA7BF27AFD90E0031C17A /* ViewModels */,
				F11BA7BA27AFD8AF0031C17A /* Factory */,
				F11BA7B927AFD8970031C17A /* Repositories */,
				F11BA7AE27AFBE290031C17A /* UI */,
				F11BA7AD27AFBE030031C17A /* Global */,
			);
			path = App;
			sourceTree = "<group>";
		};
		F11BA7AB27AFBDCF0031C17A /* Networking */ = {
			isa = PBXGroup;
			children = (
				F11BA7AF27AFCE140031C17A /* Endpoints.swift */,
				F11BA7B127AFCE540031C17A /* URLS.swift */,
				F11BA7B327AFCFF50031C17A /* URLManager.swift */,
				F11BA7B527AFD1C30031C17A /* NetworkManager.swift */,
				F11BA7B727AFD4A90031C17A /* WeatherResponse.swift */,
				F11BA7C027AFDD510031C17A /* ErrorHandler.swift */,
			);
			path = Networking;
			sourceTree = "<group>";
		};
		F11BA7AC27AFBDE20031C17A /* Resources */ = {
			isa = PBXGroup;
			children = (
				F11BA78327AFAA290031C17A /* Assets.xcassets */,
				F11BA7D227AFFD600031C17A /* Localized.strings */,
			);
			path = Resources;
			sourceTree = "<group>";
		};
		F11BA7AD27AFBE030031C17A /* Global */ = {
			isa = PBXGroup;
			children = (
				F11BA77C27AFAA270031C17A /* SceneDelegate.swift */,
				F11BA77A27AFAA270031C17A /* AppDelegate.swift */,
				F11BA78027AFAA270031C17A /* Main.storyboard */,
				F11BA78527AFAA290031C17A /* LaunchScreen.storyboard */,
			);
			path = Global;
			sourceTree = "<group>";
		};
		F11BA7AE27AFBE290031C17A /* UI */ = {
			isa = PBXGroup;
			children = (
				F11BA7CD27AFF4980031C17A /* HomeScenes */,
			);
			path = UI;
			sourceTree = "<group>";
		};
		F11BA7B927AFD8970031C17A /* Repositories */ = {
			isa = PBXGroup;
			children = (
				F11BA7BD27AFD8F30031C17A /* WeatherRepository.swift */,
			);
			path = Repositories;
			sourceTree = "<group>";
		};
		F11BA7BA27AFD8AF0031C17A /* Factory */ = {
			isa = PBXGroup;
			children = (
				F11BA7BB27AFD8CE0031C17A /* ViewModelFactory.swift */,
				F11BA7E027B00CD50031C17A /* RepositoryFactory.swift */,
			);
			path = Factory;
			sourceTree = "<group>";
		};
		F11BA7BF27AFD90E0031C17A /* ViewModels */ = {
			isa = PBXGroup;
			children = (
				F11BA7C227AFEB260031C17A /* HomeWeatherViewModel.swift */,
			);
			path = ViewModels;
			sourceTree = "<group>";
		};
		F11BA7C627AFECDB0031C17A /* Extensions */ = {
			isa = PBXGroup;
			children = (
				F11BA7C727AFED070031C17A /* UILabelExtension.swift */,
				F11BA7C927AFEFE40031C17A /* UIImageViewExtension.swift */,
				F11BA7D027AFFA4F0031C17A /* UIColorExtension.swift */,
				F11BA7D427AFFDA60031C17A /* UIStringExtension.swift */,
				F11BA7D627AFFF230031C17A /* UICollectionViewExtension.swift */,
				F11BA7DC27B00A0F0031C17A /* UIViewExtension.swift */,
				F11BA7DE27B00BE30031C17A /* UITableViewExtension.swift */,
				F11BA7E227B01E920031C17A /* UIScrollViewExtension.swift */,
			);
			path = Extensions;
			sourceTree = "<group>";
		};
		F11BA7CD27AFF4980031C17A /* HomeScenes */ = {
			isa = PBXGroup;
			children = (
				F11BA77E27AFAA270031C17A /* HomeWeatherScene.swift */,
				F11BA7CB27AFF1EE0031C17A /* HomeWeatherImageView.swift */,
				F11BA7D827B000A30031C17A /* HomeWeatherCollectionViewCell.swift */,
				F11BA7DA27B006440031C17A /* HomeWeatherTableViewCell.swift */,
				F11BA7CE27AFF5B00031C17A /* TempType.swift */,
				F11BA7E427B0202E0031C17A /* ContentSizeTableView.swift */,
			);
			path = HomeScenes;
			sourceTree = "<group>";
		};
/* End PBXGroup section */

/* Begin PBXNativeTarget section */
		F11BA77627AFAA270031C17A /* MyWeather */ = {
			isa = PBXNativeTarget;
			buildConfigurationList = F11BA7A127AFAA290031C17A /* Build configuration list for PBXNativeTarget "MyWeather" */;
			buildPhases = (
				F11BA77327AFAA270031C17A /* Sources */,
				F11BA77427AFAA270031C17A /* Frameworks */,
				F11BA77527AFAA270031C17A /* Resources */,
			);
			buildRules = (
			);
			dependencies = (
			);
			name = MyWeather;
			productName = MyWeather;
			productReference = F11BA77727AFAA270031C17A /* MyWeather.app */;
			productType = "com.apple.product-type.application";
		};
		F11BA78C27AFAA290031C17A /* MyWeatherTests */ = {
			isa = PBXNativeTarget;
			buildConfigurationList = F11BA7A427AFAA290031C17A /* Build configuration list for PBXNativeTarget "MyWeatherTests" */;
			buildPhases = (
				F11BA78927AFAA290031C17A /* Sources */,
				F11BA78A27AFAA290031C17A /* Frameworks */,
				F11BA78B27AFAA290031C17A /* Resources */,
			);
			buildRules = (
			);
			dependencies = (
				F11BA78F27AFAA290031C17A /* PBXTargetDependency */,
			);
			name = MyWeatherTests;
			productName = MyWeatherTests;
			productReference = F11BA78D27AFAA290031C17A /* MyWeatherTests.xctest */;
			productType = "com.apple.product-type.bundle.unit-test";
		};
		F11BA79627AFAA290031C17A /* MyWeatherUITests */ = {
			isa = PBXNativeTarget;
			buildConfigurationList = F11BA7A727AFAA290031C17A /* Build configuration list for PBXNativeTarget "MyWeatherUITests" */;
			buildPhases = (
				F11BA79327AFAA290031C17A /* Sources */,
				F11BA79427AFAA290031C17A /* Frameworks */,
				F11BA79527AFAA290031C17A /* Resources */,
			);
			buildRules = (
			);
			dependencies = (
				F11BA79927AFAA290031C17A /* PBXTargetDependency */,
			);
			name = MyWeatherUITests;
			productName = MyWeatherUITests;
			productReference = F11BA79727AFAA290031C17A /* MyWeatherUITests.xctest */;
			productType = "com.apple.product-type.bundle.ui-testing";
		};
/* End PBXNativeTarget section */

/* Begin PBXProject section */
		F11BA76F27AFAA270031C17A /* Project object */ = {
			isa = PBXProject;
			attributes = {
				BuildIndependentTargetsInParallel = 1;
				LastSwiftUpdateCheck = 1310;
				LastUpgradeCheck = 1310;
				TargetAttributes = {
					F11BA77627AFAA270031C17A = {
						CreatedOnToolsVersion = 13.1;
					};
					F11BA78C27AFAA290031C17A = {
						CreatedOnToolsVersion = 13.1;
						TestTargetID = F11BA77627AFAA270031C17A;
					};
					F11BA79627AFAA290031C17A = {
						CreatedOnToolsVersion = 13.1;
						TestTargetID = F11BA77627AFAA270031C17A;
					};
				};
			};
			buildConfigurationList = F11BA77227AFAA270031C17A /* Build configuration list for PBXProject "MyWeather" */;
			compatibilityVersion = "Xcode 13.0";
			developmentRegion = en;
			hasScannedForEncodings = 0;
			knownRegions = (
				en,
				Base,
			);
			mainGroup = F11BA76E27AFAA270031C17A;
			productRefGroup = F11BA77827AFAA270031C17A /* Products */;
			projectDirPath = "";
			projectRoot = "";
			targets = (
				F11BA77627AFAA270031C17A /* MyWeather */,
				F11BA78C27AFAA290031C17A /* MyWeatherTests */,
				F11BA79627AFAA290031C17A /* MyWeatherUITests */,
			);
		};
/* End PBXProject section */

/* Begin PBXResourcesBuildPhase section */
		F11BA77527AFAA270031C17A /* Resources */ = {
			isa = PBXResourcesBuildPhase;
			buildActionMask = 2147483647;
			files = (
				F11BA7D327AFFD600031C17A /* Localized.strings in Resources */,
				F11BA78727AFAA290031C17A /* LaunchScreen.storyboard in Resources */,
				F11BA78427AFAA290031C17A /* Assets.xcassets in Resources */,
				F11BA78227AFAA270031C17A /* Main.storyboard in Resources */,
			);
			runOnlyForDeploymentPostprocessing = 0;
		};
		F11BA78B27AFAA290031C17A /* Resources */ = {
			isa = PBXResourcesBuildPhase;
			buildActionMask = 2147483647;
			files = (
			);
			runOnlyForDeploymentPostprocessing = 0;
		};
		F11BA79527AFAA290031C17A /* Resources */ = {
			isa = PBXResourcesBuildPhase;
			buildActionMask = 2147483647;
			files = (
			);
			runOnlyForDeploymentPostprocessing = 0;
		};
/* End PBXResourcesBuildPhase section */

/* Begin PBXSourcesBuildPhase section */
		F11BA77327AFAA270031C17A /* Sources */ = {
			isa = PBXSourcesBuildPhase;
			buildActionMask = 2147483647;
			files = (
				F11BA7D527AFFDA60031C17A /* UIStringExtension.swift in Sources */,
				F11BA7B227AFCE540031C17A /* URLS.swift in Sources */,
				F11BA7DD27B00A0F0031C17A /* UIViewExtension.swift in Sources */,
				F11BA7DF27B00BE30031C17A /* UITableViewExtension.swift in Sources */,
				F11BA7CF27AFF5B00031C17A /* TempType.swift in Sources */,
				F11BA77F27AFAA270031C17A /* HomeWeatherScene.swift in Sources */,
				F11BA7E527B0202E0031C17A /* ContentSizeTableView.swift in Sources */,
				F11BA7D727AFFF230031C17A /* UICollectionViewExtension.swift in Sources */,
				F11BA7C327AFEB260031C17A /* HomeWeatherViewModel.swift in Sources */,
				F11BA7D927B000A30031C17A /* HomeWeatherCollectionViewCell.swift in Sources */,
				F11BA7BE27AFD8F30031C17A /* WeatherRepository.swift in Sources */,
				F11BA7E327B01E920031C17A /* UIScrollViewExtension.swift in Sources */,
				F11BA77B27AFAA270031C17A /* AppDelegate.swift in Sources */,
				F11BA7C127AFDD510031C17A /* ErrorHandler.swift in Sources */,
				F11BA7B627AFD1C30031C17A /* NetworkManager.swift in Sources */,
				F11BA7D127AFFA4F0031C17A /* UIColorExtension.swift in Sources */,
				F11BA7B027AFCE140031C17A /* Endpoints.swift in Sources */,
				F11BA7CA27AFEFE40031C17A /* UIImageViewExtension.swift in Sources */,
				F11BA77D27AFAA270031C17A /* SceneDelegate.swift in Sources */,
				F11BA7BC27AFD8CE0031C17A /* ViewModelFactory.swift in Sources */,
				F11BA7E127B00CD50031C17A /* RepositoryFactory.swift in Sources */,
				F11BA7B427AFCFF50031C17A /* URLManager.swift in Sources */,
				F11BA7B827AFD4A90031C17A /* WeatherResponse.swift in Sources */,
				F11BA7DB27B006440031C17A /* HomeWeatherTableViewCell.swift in Sources */,
				F11BA7CC27AFF1EE0031C17A /* HomeWeatherImageView.swift in Sources */,
				F11BA7C827AFED070031C17A /* UILabelExtension.swift in Sources */,
			);
			runOnlyForDeploymentPostprocessing = 0;
		};
		F11BA78927AFAA290031C17A /* Sources */ = {
			isa = PBXSourcesBuildPhase;
			buildActionMask = 2147483647;
			files = (
				F11BA79227AFAA290031C17A /* NetworkManagerTests.swift in Sources */,
			);
			runOnlyForDeploymentPostprocessing = 0;
		};
		F11BA79327AFAA290031C17A /* Sources */ = {
			isa = PBXSourcesBuildPhase;
			buildActionMask = 2147483647;
			files = (
			);
			runOnlyForDeploymentPostprocessing = 0;
		};
/* End PBXSourcesBuildPhase section */

/* Begin PBXTargetDependency section */
		F11BA78F27AFAA290031C17A /* PBXTargetDependency */ = {
			isa = PBXTargetDependency;
			target = F11BA77627AFAA270031C17A /* MyWeather */;
			targetProxy = F11BA78E27AFAA290031C17A /* PBXContainerItemProxy */;
		};
		F11BA79927AFAA290031C17A /* PBXTargetDependency */ = {
			isa = PBXTargetDependency;
			target = F11BA77627AFAA270031C17A /* MyWeather */;
			targetProxy = F11BA79827AFAA290031C17A /* PBXContainerItemProxy */;
		};
/* End PBXTargetDependency section */

/* Begin PBXVariantGroup section */
		F11BA78027AFAA270031C17A /* Main.storyboard */ = {
			isa = PBXVariantGroup;
			children = (
				F11BA78127AFAA270031C17A /* Base */,
			);
			name = Main.storyboard;
			sourceTree = "<group>";
		};
		F11BA78527AFAA290031C17A /* LaunchScreen.storyboard */ = {
			isa = PBXVariantGroup;
			children = (
				F11BA78627AFAA290031C17A /* Base */,
			);
			name = LaunchScreen.storyboard;
			sourceTree = "<group>";
		};
/* End PBXVariantGroup section */

/* Begin XCBuildConfiguration section */
		F11BA79F27AFAA290031C17A /* Debug */ = {
			isa = XCBuildConfiguration;
			buildSettings = {
				ALWAYS_SEARCH_USER_PATHS = NO;
				CLANG_ANALYZER_NONNULL = YES;
				CLANG_ANALYZER_NUMBER_OBJECT_CONVERSION = YES_AGGRESSIVE;
				CLANG_CXX_LANGUAGE_STANDARD = "gnu++17";
				CLANG_CXX_LIBRARY = "libc++";
				CLANG_ENABLE_MODULES = YES;
				CLANG_ENABLE_OBJC_ARC = YES;
				CLANG_ENABLE_OBJC_WEAK = YES;
				CLANG_WARN_BLOCK_CAPTURE_AUTORELEASING = YES;
				CLANG_WARN_BOOL_CONVERSION = YES;
				CLANG_WARN_COMMA = YES;
				CLANG_WARN_CONSTANT_CONVERSION = YES;
				CLANG_WARN_DEPRECATED_OBJC_IMPLEMENTATIONS = YES;
				CLANG_WARN_DIRECT_OBJC_ISA_USAGE = YES_ERROR;
				CLANG_WARN_DOCUMENTATION_COMMENTS = YES;
				CLANG_WARN_EMPTY_BODY = YES;
				CLANG_WARN_ENUM_CONVERSION = YES;
				CLANG_WARN_INFINITE_RECURSION = YES;
				CLANG_WARN_INT_CONVERSION = YES;
				CLANG_WARN_NON_LITERAL_NULL_CONVERSION = YES;
				CLANG_WARN_OBJC_IMPLICIT_RETAIN_SELF = YES;
				CLANG_WARN_OBJC_LITERAL_CONVERSION = YES;
				CLANG_WARN_OBJC_ROOT_CLASS = YES_ERROR;
				CLANG_WARN_QUOTED_INCLUDE_IN_FRAMEWORK_HEADER = YES;
				CLANG_WARN_RANGE_LOOP_ANALYSIS = YES;
				CLANG_WARN_STRICT_PROTOTYPES = YES;
				CLANG_WARN_SUSPICIOUS_MOVE = YES;
				CLANG_WARN_UNGUARDED_AVAILABILITY = YES_AGGRESSIVE;
				CLANG_WARN_UNREACHABLE_CODE = YES;
				CLANG_WARN__DUPLICATE_METHOD_MATCH = YES;
				COPY_PHASE_STRIP = NO;
				DEBUG_INFORMATION_FORMAT = dwarf;
				ENABLE_STRICT_OBJC_MSGSEND = YES;
				ENABLE_TESTABILITY = YES;
				GCC_C_LANGUAGE_STANDARD = gnu11;
				GCC_DYNAMIC_NO_PIC = NO;
				GCC_NO_COMMON_BLOCKS = YES;
				GCC_OPTIMIZATION_LEVEL = 0;
				GCC_PREPROCESSOR_DEFINITIONS = (
					"DEBUG=1",
					"$(inherited)",
				);
				GCC_WARN_64_TO_32_BIT_CONVERSION = YES;
				GCC_WARN_ABOUT_RETURN_TYPE = YES_ERROR;
				GCC_WARN_UNDECLARED_SELECTOR = YES;
				GCC_WARN_UNINITIALIZED_AUTOS = YES_AGGRESSIVE;
				GCC_WARN_UNUSED_FUNCTION = YES;
				GCC_WARN_UNUSED_VARIABLE = YES;
				IPHONEOS_DEPLOYMENT_TARGET = 15.0;
				MTL_ENABLE_DEBUG_INFO = INCLUDE_SOURCE;
				MTL_FAST_MATH = YES;
				ONLY_ACTIVE_ARCH = YES;
				SDKROOT = iphoneos;
				SWIFT_ACTIVE_COMPILATION_CONDITIONS = DEBUG;
				SWIFT_OPTIMIZATION_LEVEL = "-Onone";
			};
			name = Debug;
		};
		F11BA7A027AFAA290031C17A /* Release */ = {
			isa = XCBuildConfiguration;
			buildSettings = {
				ALWAYS_SEARCH_USER_PATHS = NO;
				CLANG_ANALYZER_NONNULL = YES;
				CLANG_ANALYZER_NUMBER_OBJECT_CONVERSION = YES_AGGRESSIVE;
				CLANG_CXX_LANGUAGE_STANDARD = "gnu++17";
				CLANG_CXX_LIBRARY = "libc++";
				CLANG_ENABLE_MODULES = YES;
				CLANG_ENABLE_OBJC_ARC = YES;
				CLANG_ENABLE_OBJC_WEAK = YES;
				CLANG_WARN_BLOCK_CAPTURE_AUTORELEASING = YES;
				CLANG_WARN_BOOL_CONVERSION = YES;
				CLANG_WARN_COMMA = YES;
				CLANG_WARN_CONSTANT_CONVERSION = YES;
				CLANG_WARN_DEPRECATED_OBJC_IMPLEMENTATIONS = YES;
				CLANG_WARN_DIRECT_OBJC_ISA_USAGE = YES_ERROR;
				CLANG_WARN_DOCUMENTATION_COMMENTS = YES;
				CLANG_WARN_EMPTY_BODY = YES;
				CLANG_WARN_ENUM_CONVERSION = YES;
				CLANG_WARN_INFINITE_RECURSION = YES;
				CLANG_WARN_INT_CONVERSION = YES;
				CLANG_WARN_NON_LITERAL_NULL_CONVERSION = YES;
				CLANG_WARN_OBJC_IMPLICIT_RETAIN_SELF = YES;
				CLANG_WARN_OBJC_LITERAL_CONVERSION = YES;
				CLANG_WARN_OBJC_ROOT_CLASS = YES_ERROR;
				CLANG_WARN_QUOTED_INCLUDE_IN_FRAMEWORK_HEADER = YES;
				CLANG_WARN_RANGE_LOOP_ANALYSIS = YES;
				CLANG_WARN_STRICT_PROTOTYPES = YES;
				CLANG_WARN_SUSPICIOUS_MOVE = YES;
				CLANG_WARN_UNGUARDED_AVAILABILITY = YES_AGGRESSIVE;
				CLANG_WARN_UNREACHABLE_CODE = YES;
				CLANG_WARN__DUPLICATE_METHOD_MATCH = YES;
				COPY_PHASE_STRIP = NO;
				DEBUG_INFORMATION_FORMAT = "dwarf-with-dsym";
				ENABLE_NS_ASSERTIONS = NO;
				ENABLE_STRICT_OBJC_MSGSEND = YES;
				GCC_C_LANGUAGE_STANDARD = gnu11;
				GCC_NO_COMMON_BLOCKS = YES;
				GCC_WARN_64_TO_32_BIT_CONVERSION = YES;
				GCC_WARN_ABOUT_RETURN_TYPE = YES_ERROR;
				GCC_WARN_UNDECLARED_SELECTOR = YES;
				GCC_WARN_UNINITIALIZED_AUTOS = YES_AGGRESSIVE;
				GCC_WARN_UNUSED_FUNCTION = YES;
				GCC_WARN_UNUSED_VARIABLE = YES;
				IPHONEOS_DEPLOYMENT_TARGET = 15.0;
				MTL_ENABLE_DEBUG_INFO = NO;
				MTL_FAST_MATH = YES;
				SDKROOT = iphoneos;
				SWIFT_COMPILATION_MODE = wholemodule;
				SWIFT_OPTIMIZATION_LEVEL = "-O";
				VALIDATE_PRODUCT = YES;
			};
			name = Release;
		};
		F11BA7A227AFAA290031C17A /* Debug */ = {
			isa = XCBuildConfiguration;
			buildSettings = {
				ASSETCATALOG_COMPILER_APPICON_NAME = AppIcon;
				ASSETCATALOG_COMPILER_GLOBAL_ACCENT_COLOR_NAME = AccentColor;
				CODE_SIGN_STYLE = Automatic;
				CURRENT_PROJECT_VERSION = 1;
				DEVELOPMENT_TEAM = Y29D53TT88;
				GENERATE_INFOPLIST_FILE = YES;
				INFOPLIST_FILE = MyWeather/Info.plist;
				INFOPLIST_KEY_UIApplicationSupportsIndirectInputEvents = YES;
				INFOPLIST_KEY_UILaunchStoryboardName = LaunchScreen;
				INFOPLIST_KEY_UIMainStoryboardFile = Main;
				INFOPLIST_KEY_UISupportedInterfaceOrientations_iPad = "UIInterfaceOrientationPortrait UIInterfaceOrientationPortraitUpsideDown UIInterfaceOrientationLandscapeLeft UIInterfaceOrientationLandscapeRight";
				INFOPLIST_KEY_UISupportedInterfaceOrientations_iPhone = "UIInterfaceOrientationPortrait UIInterfaceOrientationLandscapeLeft UIInterfaceOrientationLandscapeRight";
				LD_RUNPATH_SEARCH_PATHS = (
					"$(inherited)",
					"@executable_path/Frameworks",
				);
				MARKETING_VERSION = 1.0;
				PRODUCT_BUNDLE_IDENTIFIER = ksoft.MyWeather;
				PRODUCT_NAME = "$(TARGET_NAME)";
				SWIFT_EMIT_LOC_STRINGS = YES;
				SWIFT_VERSION = 5.0;
				TARGETED_DEVICE_FAMILY = "1,2";
			};
			name = Debug;
		};
		F11BA7A327AFAA290031C17A /* Release */ = {
			isa = XCBuildConfiguration;
			buildSettings = {
				ASSETCATALOG_COMPILER_APPICON_NAME = AppIcon;
				ASSETCATALOG_COMPILER_GLOBAL_ACCENT_COLOR_NAME = AccentColor;
				CODE_SIGN_STYLE = Automatic;
				CURRENT_PROJECT_VERSION = 1;
				DEVELOPMENT_TEAM = Y29D53TT88;
				GENERATE_INFOPLIST_FILE = YES;
				INFOPLIST_FILE = MyWeather/Info.plist;
				INFOPLIST_KEY_UIApplicationSupportsIndirectInputEvents = YES;
				INFOPLIST_KEY_UILaunchStoryboardName = LaunchScreen;
				INFOPLIST_KEY_UIMainStoryboardFile = Main;
				INFOPLIST_KEY_UISupportedInterfaceOrientations_iPad = "UIInterfaceOrientationPortrait UIInterfaceOrientationPortraitUpsideDown UIInterfaceOrientationLandscapeLeft UIInterfaceOrientationLandscapeRight";
				INFOPLIST_KEY_UISupportedInterfaceOrientations_iPhone = "UIInterfaceOrientationPortrait UIInterfaceOrientationLandscapeLeft UIInterfaceOrientationLandscapeRight";
				LD_RUNPATH_SEARCH_PATHS = (
					"$(inherited)",
					"@executable_path/Frameworks",
				);
				MARKETING_VERSION = 1.0;
				PRODUCT_BUNDLE_IDENTIFIER = ksoft.MyWeather;
				PRODUCT_NAME = "$(TARGET_NAME)";
				SWIFT_EMIT_LOC_STRINGS = YES;
				SWIFT_VERSION = 5.0;
				TARGETED_DEVICE_FAMILY = "1,2";
			};
			name = Release;
		};
		F11BA7A527AFAA290031C17A /* Debug */ = {
			isa = XCBuildConfiguration;
			buildSettings = {
				ALWAYS_EMBED_SWIFT_STANDARD_LIBRARIES = YES;
				BUNDLE_LOADER = "$(TEST_HOST)";
				CODE_SIGN_STYLE = Automatic;
				CURRENT_PROJECT_VERSION = 1;
				DEVELOPMENT_TEAM = Y29D53TT88;
				GENERATE_INFOPLIST_FILE = YES;
				IPHONEOS_DEPLOYMENT_TARGET = 15.0;
				LD_RUNPATH_SEARCH_PATHS = (
					"$(inherited)",
					"@executable_path/Frameworks",
					"@loader_path/Frameworks",
				);
				MARKETING_VERSION = 1.0;
				PRODUCT_BUNDLE_IDENTIFIER = ksoft.MyWeatherTests;
				PRODUCT_NAME = "$(TARGET_NAME)";
				SWIFT_EMIT_LOC_STRINGS = NO;
				SWIFT_VERSION = 5.0;
				TARGETED_DEVICE_FAMILY = "1,2";
				TEST_HOST = "$(BUILT_PRODUCTS_DIR)/MyWeather.app/MyWeather";
			};
			name = Debug;
		};
		F11BA7A627AFAA290031C17A /* Release */ = {
			isa = XCBuildConfiguration;
			buildSettings = {
				ALWAYS_EMBED_SWIFT_STANDARD_LIBRARIES = YES;
				BUNDLE_LOADER = "$(TEST_HOST)";
				CODE_SIGN_STYLE = Automatic;
				CURRENT_PROJECT_VERSION = 1;
				DEVELOPMENT_TEAM = Y29D53TT88;
				GENERATE_INFOPLIST_FILE = YES;
				IPHONEOS_DEPLOYMENT_TARGET = 15.0;
				LD_RUNPATH_SEARCH_PATHS = (
					"$(inherited)",
					"@executable_path/Frameworks",
					"@loader_path/Frameworks",
				);
				MARKETING_VERSION = 1.0;
				PRODUCT_BUNDLE_IDENTIFIER = ksoft.MyWeatherTests;
				PRODUCT_NAME = "$(TARGET_NAME)";
				SWIFT_EMIT_LOC_STRINGS = NO;
				SWIFT_VERSION = 5.0;
				TARGETED_DEVICE_FAMILY = "1,2";
				TEST_HOST = "$(BUILT_PRODUCTS_DIR)/MyWeather.app/MyWeather";
			};
			name = Release;
		};
		F11BA7A827AFAA290031C17A /* Debug */ = {
			isa = XCBuildConfiguration;
			buildSettings = {
				ALWAYS_EMBED_SWIFT_STANDARD_LIBRARIES = YES;
				CODE_SIGN_STYLE = Automatic;
				CURRENT_PROJECT_VERSION = 1;
				DEVELOPMENT_TEAM = Y29D53TT88;
				GENERATE_INFOPLIST_FILE = YES;
				LD_RUNPATH_SEARCH_PATHS = (
					"$(inherited)",
					"@executable_path/Frameworks",
					"@loader_path/Frameworks",
				);
				MARKETING_VERSION = 1.0;
				PRODUCT_BUNDLE_IDENTIFIER = ksoft.MyWeatherUITests;
				PRODUCT_NAME = "$(TARGET_NAME)";
				SWIFT_EMIT_LOC_STRINGS = NO;
				SWIFT_VERSION = 5.0;
				TARGETED_DEVICE_FAMILY = "1,2";
				TEST_TARGET_NAME = MyWeather;
			};
			name = Debug;
		};
		F11BA7A927AFAA290031C17A /* Release */ = {
			isa = XCBuildConfiguration;
			buildSettings = {
				ALWAYS_EMBED_SWIFT_STANDARD_LIBRARIES = YES;
				CODE_SIGN_STYLE = Automatic;
				CURRENT_PROJECT_VERSION = 1;
				DEVELOPMENT_TEAM = Y29D53TT88;
				GENERATE_INFOPLIST_FILE = YES;
				LD_RUNPATH_SEARCH_PATHS = (
					"$(inherited)",
					"@executable_path/Frameworks",
					"@loader_path/Frameworks",
				);
				MARKETING_VERSION = 1.0;
				PRODUCT_BUNDLE_IDENTIFIER = ksoft.MyWeatherUITests;
				PRODUCT_NAME = "$(TARGET_NAME)";
				SWIFT_EMIT_LOC_STRINGS = NO;
				SWIFT_VERSION = 5.0;
				TARGETED_DEVICE_FAMILY = "1,2";
				TEST_TARGET_NAME = MyWeather;
			};
			name = Release;
		};
/* End XCBuildConfiguration section */

/* Begin XCConfigurationList section */
		F11BA77227AFAA270031C17A /* Build configuration list for PBXProject "MyWeather" */ = {
			isa = XCConfigurationList;
			buildConfigurations = (
				F11BA79F27AFAA290031C17A /* Debug */,
				F11BA7A027AFAA290031C17A /* Release */,
			);
			defaultConfigurationIsVisible = 0;
			defaultConfigurationName = Release;
		};
		F11BA7A127AFAA290031C17A /* Build configuration list for PBXNativeTarget "MyWeather" */ = {
			isa = XCConfigurationList;
			buildConfigurations = (
				F11BA7A227AFAA290031C17A /* Debug */,
				F11BA7A327AFAA290031C17A /* Release */,
			);
			defaultConfigurationIsVisible = 0;
			defaultConfigurationName = Release;
		};
		F11BA7A427AFAA290031C17A /* Build configuration list for PBXNativeTarget "MyWeatherTests" */ = {
			isa = XCConfigurationList;
			buildConfigurations = (
				F11BA7A527AFAA290031C17A /* Debug */,
				F11BA7A627AFAA290031C17A /* Release */,
			);
			defaultConfigurationIsVisible = 0;
			defaultConfigurationName = Release;
		};
		F11BA7A727AFAA290031C17A /* Build configuration list for PBXNativeTarget "MyWeatherUITests" */ = {
			isa = XCConfigurationList;
			buildConfigurations = (
				F11BA7A827AFAA290031C17A /* Debug */,
				F11BA7A927AFAA290031C17A /* Release */,
			);
			defaultConfigurationIsVisible = 0;
			defaultConfigurationName = Release;
		};
/* End XCConfigurationList section */
	};
	rootObject = F11BA76F27AFAA270031C17A /* Project object */;
}
